version = 1
revision = 3
requires-python = ">=3.11"

[[package]]
name = "argparse"
version = "1.4.0"
source = { registry = "https://pypi.org/simple" }
sdist = { url = "https://files.pythonhosted.org/packages/18/dd/e617cfc3f6210ae183374cd9f6a26b20514bbb5a792af97949c5aacddf0f/argparse-1.4.0.tar.gz", hash = "sha256:62b089a55be1d8949cd2bc7e0df0bddb9e028faefc8c32038cc84862aefdd6e4", size = 70508, upload-time = "2015-09-12T20:22:16.217Z" }
wheels = [
    { url = "https://files.pythonhosted.org/packages/f2/94/3af39d34be01a24a6e65433d19e107099374224905f1e0cc6bbe1fd22a2f/argparse-1.4.0-py2.py3-none-any.whl", hash = "sha256:c31647edb69fd3d465a847ea3157d37bed1f95f19760b11a47aa91c04b666314", size = 23000, upload-time = "2015-09-14T16:03:16.137Z" },
]

[[package]]
name = "beautifulsoup4"
version = "4.14.2"
source = { registry = "https://pypi.org/simple" }
dependencies = [
    { name = "soupsieve" },
    { name = "typing-extensions" },
]
sdist = { url = "https://files.pythonhosted.org/packages/77/e9/df2358efd7659577435e2177bfa69cba6c33216681af51a707193dec162a/beautifulsoup4-4.14.2.tar.gz", hash = "sha256:2a98ab9f944a11acee9cc848508ec28d9228abfd522ef0fad6a02a72e0ded69e", size = 625822, upload-time = "2025-09-29T10:05:42.613Z" }
wheels = [
    { url = "https://files.pythonhosted.org/packages/94/fe/3aed5d0be4d404d12d36ab97e2f1791424d9ca39c2f754a6285d59a3b01d/beautifulsoup4-4.14.2-py3-none-any.whl", hash = "sha256:5ef6fa3a8cbece8488d66985560f97ed091e22bbc4e9c2338508a9d5de6d4515", size = 106392, upload-time = "2025-09-29T10:05:43.771Z" },
]

[[package]]
name = "bs4"
version = "0.0.2"
source = { registry = "https://pypi.org/simple" }
dependencies = [
    { name = "beautifulsoup4" },
]
sdist = { url = "https://files.pythonhosted.org/packages/c9/aa/4acaf814ff901145da37332e05bb510452ebed97bc9602695059dd46ef39/bs4-0.0.2.tar.gz", hash = "sha256:a48685c58f50fe127722417bae83fe6badf500d54b55f7e39ffe43b798653925", size = 698, upload-time = "2024-01-17T18:15:47.371Z" }
wheels = [
    { url = "https://files.pythonhosted.org/packages/51/bb/bf7aab772a159614954d84aa832c129624ba6c32faa559dfb200a534e50b/bs4-0.0.2-py2.py3-none-any.whl", hash = "sha256:abf8742c0805ef7f662dce4b51cca104cffe52b835238afc169142ab9b3fbccc", size = 1189, upload-time = "2024-01-17T18:15:48.613Z" },
]

[[package]]
name = "datetime"
version = "5.5"
source = { registry = "https://pypi.org/simple" }
dependencies = [
    { name = "pytz" },
    { name = "zope-interface" },
]
sdist = { url = "https://files.pythonhosted.org/packages/2f/66/e284b9978fede35185e5d18fb3ae855b8f573d8c90a56de5f6d03e8ef99e/DateTime-5.5.tar.gz", hash = "sha256:21ec6331f87a7fcb57bd7c59e8a68bfffe6fcbf5acdbbc7b356d6a9a020191d3", size = 63671, upload-time = "2024-03-21T07:26:50.211Z" }
wheels = [
    { url = "https://files.pythonhosted.org/packages/f3/78/8e382b8cb4346119e2e04270b6eb4a01c5ee70b47a8a0244ecdb157204f7/DateTime-5.5-py3-none-any.whl", hash = "sha256:0abf6c51cb4ba7cee775ca46ccc727f3afdde463be28dbbe8803631fefd4a120", size = 52649, upload-time = "2024-03-21T07:26:47.849Z" },
]

[[package]]
name = "feedparser"
version = "6.0.12"
source = { registry = "https://pypi.org/simple" }
dependencies = [
    { name = "sgmllib3k" },
]
sdist = { url = "https://files.pythonhosted.org/packages/dc/79/db7edb5e77d6dfbc54d7d9df72828be4318275b2e580549ff45a962f6461/feedparser-6.0.12.tar.gz", hash = "sha256:64f76ce90ae3e8ef5d1ede0f8d3b50ce26bcce71dd8ae5e82b1cd2d4a5f94228", size = 286579, upload-time = "2025-09-10T13:33:59.486Z" }
wheels = [
    { url = "https://files.pythonhosted.org/packages/4e/eb/c96d64137e29ae17d83ad2552470bafe3a7a915e85434d9942077d7fd011/feedparser-6.0.12-py3-none-any.whl", hash = "sha256:6bbff10f5a52662c00a2e3f86a38928c37c48f77b3c511aedcd51de933549324", size = 81480, upload-time = "2025-09-10T13:33:58.022Z" },
]

[[package]]
name = "hnlinks"
version = "0.1.0"
source = { virtual = "." }
dependencies = [
    { name = "argparse" },
    { name = "bs4" },
    { name = "datetime" },
    { name = "feedparser" },
    { name = "sqlite4" },
    { name = "unidecode" },
    { name = "urllib3" },
    { name = "urlopen" },
]

[package.metadata]
requires-dist = [
    { name = "argparse", specifier = ">=1.4.0" },
    { name = "bs4", specifier = ">=0.0.2" },
    { name = "datetime", specifier = ">=5.5" },
    { name = "feedparser", specifier = ">=6.0.12" },
    { name = "sqlite4", specifier = ">=0.1.1" },
    { name = "unidecode", specifier = ">=1.4.0" },
    { name = "urllib3", specifier = ">=2.5.0" },
    { name = "urlopen", specifier = ">=1.0.0" },
]

[[package]]
name = "pytz"
version = "2025.2"
source = { registry = "https://pypi.org/simple" }
sdist = { url = "https://files.pythonhosted.org/packages/f8/bf/abbd3cdfb8fbc7fb3d4d38d320f2441b1e7cbe29be4f23797b4a2b5d8aac/pytz-2025.2.tar.gz", hash = "sha256:360b9e3dbb49a209c21ad61809c7fb453643e048b38924c765813546746e81c3", size = 320884, upload-time = "2025-03-25T02:25:00.538Z" }
wheels = [
    { url = "https://files.pythonhosted.org/packages/81/c4/34e93fe5f5429d7570ec1fa436f1986fb1f00c3e0f43a589fe2bbcd22c3f/pytz-2025.2-py2.py3-none-any.whl", hash = "sha256:5ddf76296dd8c44c26eb8f4b6f35488f3ccbf6fbbd7adee0b7262d43f0ec2f00", size = 509225, upload-time = "2025-03-25T02:24:58.468Z" },
]

[[package]]
name = "sgmllib3k"
version = "1.0.0"
source = { registry = "https://pypi.org/simple" }
sdist = { url = "https://files.pythonhosted.org/packages/9e/bd/3704a8c3e0942d711c1299ebf7b9091930adae6675d7c8f476a7ce48653c/sgmllib3k-1.0.0.tar.gz", hash = "sha256:7868fb1c8bfa764c1ac563d3cf369c381d1325d36124933a726f29fcdaa812e9", size = 5750, upload-time = "2010-08-24T14:33:52.445Z" }

[[package]]
name = "soupsieve"
version = "2.8"
source = { registry = "https://pypi.org/simple" }
sdist = { url = "https://files.pythonhosted.org/packages/6d/e6/21ccce3262dd4889aa3332e5a119a3491a95e8f60939870a3a035aabac0d/soupsieve-2.8.tar.gz", hash = "sha256:e2dd4a40a628cb5f28f6d4b0db8800b8f581b65bb380b97de22ba5ca8d72572f", size = 103472, upload-time = "2025-08-27T15:39:51.78Z" }
wheels = [
    { url = "https://files.pythonhosted.org/packages/14/a0/bb38d3b76b8cae341dad93a2dd83ab7462e6dbcdd84d43f54ee60a8dc167/soupsieve-2.8-py3-none-any.whl", hash = "sha256:0cc76456a30e20f5d7f2e14a98a4ae2ee4e5abdc7c5ea0aafe795f344bc7984c", size = 36679, upload-time = "2025-08-27T15:39:50.179Z" },
]

[[package]]
name = "sqlite4"
version = "0.1.1"
source = { registry = "https://pypi.org/simple" }
sdist = { url = "https://files.pythonhosted.org/packages/fd/ff/6cb2101490ade1b07cd00a94ea7f0319f2e95567be925fcaf30b4110efa2/SQLite4-0.1.1.tar.gz", hash = "sha256:660f020b50d3bee97fa6250b65dc0ba0788fd62440cfe4cde85dc18dc9fe7430", size = 6042, upload-time = "2023-07-15T04:35:10.739Z" }
wheels = [
    { url = "https://files.pythonhosted.org/packages/bf/f3/104194d5e07621706cb2b04f21e6b5edee6d5b1056f83b895d19f816d608/SQLite4-0.1.1-py3-none-any.whl", hash = "sha256:41144eaee3f3916772e4177bd242d58c5f7bcf47ec7c4472ae9106c9c26d6d37", size = 7095, upload-time = "2023-07-15T04:35:08.352Z" },
]

[[package]]
name = "typing-extensions"
version = "4.15.0"
source = { registry = "https://pypi.org/simple" }
sdist = { url = "https://files.pythonhosted.org/packages/72/94/1a15dd82efb362ac84269196e94cf00f187f7ed21c242792a923cdb1c61f/typing_extensions-4.15.0.tar.gz", hash = "sha256:0cea48d173cc12fa28ecabc3b837ea3cf6f38c6d1136f85cbaaf598984861466", size = 109391, upload-time = "2025-08-25T13:49:26.313Z" }
wheels = [
    { url = "https://files.pythonhosted.org/packages/18/67/36e9267722cc04a6b9f15c7f3441c2363321a3ea07da7ae0c0707beb2a9c/typing_extensions-4.15.0-py3-none-any.whl", hash = "sha256:f0fa19c6845758ab08074a0cfa8b7aecb71c999ca73d62883bc25cc018c4e548", size = 44614, upload-time = "2025-08-25T13:49:24.86Z" },
]

[[package]]
name = "unidecode"
version = "1.4.0"
source = { registry = "https://pypi.org/simple" }
sdist = { url = "https://files.pythonhosted.org/packages/94/7d/a8a765761bbc0c836e397a2e48d498305a865b70a8600fd7a942e85dcf63/Unidecode-1.4.0.tar.gz", hash = "sha256:ce35985008338b676573023acc382d62c264f307c8f7963733405add37ea2b23", size = 200149, upload-time = "2025-04-24T08:45:03.798Z" }
wheels = [
    { url = "https://files.pythonhosted.org/packages/8f/b7/559f59d57d18b44c6d1250d2eeaa676e028b9c527431f5d0736478a73ba1/Unidecode-1.4.0-py3-none-any.whl", hash = "sha256:c3c7606c27503ad8d501270406e345ddb480a7b5f38827eafe4fa82a137f0021", size = 235837, upload-time = "2025-04-24T08:45:01.609Z" },
]

[[package]]
name = "urllib3"
version = "2.5.0"
source = { registry = "https://pypi.org/simple" }
sdist = { url = "https://files.pythonhosted.org/packages/15/22/9ee70a2574a4f4599c47dd506532914ce044817c7752a79b6a51286319bc/urllib3-2.5.0.tar.gz", hash = "sha256:3fc47733c7e419d4bc3f6b3dc2b4f890bb743906a30d56ba4a5bfa4bbff92760", size = 393185, upload-time = "2025-06-18T14:07:41.644Z" }
wheels = [
    { url = "https://files.pythonhosted.org/packages/a7/c2/fe1e52489ae3122415c51f387e221dd0773709bad6c6cdaa599e8a2c5185/urllib3-2.5.0-py3-none-any.whl", hash = "sha256:e6b01673c0fa6a13e374b50871808eb3bf7046c4b125b216f6bf1cc604cff0dc", size = 129795, upload-time = "2025-06-18T14:07:40.39Z" },
]

[[package]]
name = "urlopen"
version = "1.0.0"
source = { registry = "https://pypi.org/simple" }
sdist = { url = "https://files.pythonhosted.org/packages/92/07/162055ea1a91f7b88ae77d1b72e1e8bff7348ec01359d014f960e8506651/urlopen-1.0.0.zip", hash = "sha256:3849626c61deacdd1635fe1d7019800cb0e0ae56467d66c186e17c6cd7fbdf3f", size = 2121, upload-time = "2015-06-20T10:53:07.533Z" }

[[package]]
name = "zope-interface"
version = "8.0.1"
source = { registry = "https://pypi.org/simple" }
sdist = { url = "https://files.pythonhosted.org/packages/88/3a/7fcf02178b8fad0a51e67e32765cd039ae505d054d744d76b8c2bbcba5ba/zope_interface-8.0.1.tar.gz", hash = "sha256:eba5610d042c3704a48222f7f7c6ab5b243ed26f917e2bc69379456b115e02d1", size = 253746, upload-time = "2025-09-25T05:55:51.285Z" }
wheels = [
    { url = "https://files.pythonhosted.org/packages/f2/2f/c10c739bcb9b072090c97c2e08533777497190daa19d190d72b4cce9c7cb/zope_interface-8.0.1-cp311-cp311-macosx_10_9_x86_64.whl", hash = "sha256:4bd01022d2e1bce4a4a4ed9549edb25393c92e607d7daa6deff843f1f68b479d", size = 207903, upload-time = "2025-09-25T05:58:21.671Z" },
    { url = "https://files.pythonhosted.org/packages/b5/e1/9845ac3697f108d9a1af6912170c59a23732090bbfb35955fe77e5544955/zope_interface-8.0.1-cp311-cp311-macosx_11_0_arm64.whl", hash = "sha256:29be8db8b712d94f1c05e24ea230a879271d787205ba1c9a6100d1d81f06c69a", size = 208345, upload-time = "2025-09-25T05:58:24.217Z" },
    { url = "https://files.pythonhosted.org/packages/f2/49/6573bc8b841cfab18e80c8e8259f1abdbbf716140011370de30231be79ad/zope_interface-8.0.1-cp311-cp311-manylinux1_i686.manylinux2014_i686.manylinux_2_17_i686.manylinux_2_5_i686.whl", hash = "sha256:51ae1b856565b30455b7879fdf0a56a88763b401d3f814fa9f9542d7410dbd7e", size = 255027, upload-time = "2025-09-25T05:58:19.975Z" },
    { url = "https://files.pythonhosted.org/packages/e2/fd/908b0fd4b1ab6e412dfac9bd2b606f2893ef9ba3dd36d643f5e5b94c57b3/zope_interface-8.0.1-cp311-cp311-manylinux1_x86_64.manylinux2014_x86_64.manylinux_2_17_x86_64.manylinux_2_5_x86_64.whl", hash = "sha256:d2e7596149cb1acd1d4d41b9f8fe2ffc0e9e29e2e91d026311814181d0d9efaf", size = 259800, upload-time = "2025-09-25T05:58:11.487Z" },
    { url = "https://files.pythonhosted.org/packages/dc/78/8419a2b4e88410520ed4b7f93bbd25a6d4ae66c4e2b131320f2b90f43077/zope_interface-8.0.1-cp311-cp311-manylinux2014_aarch64.manylinux_2_17_aarch64.whl", hash = "sha256:b2737c11c34fb9128816759864752d007ec4f987b571c934c30723ed881a7a4f", size = 260978, upload-time = "2025-09-25T06:26:24.483Z" },
    { url = "https://files.pythonhosted.org/packages/e5/90/caf68152c292f1810e2bd3acd2177badf08a740aa8a348714617d6c9ad0b/zope_interface-8.0.1-cp311-cp311-win_amd64.whl", hash = "sha256:cf66e4bf731aa7e0ced855bb3670e8cda772f6515a475c6a107bad5cb6604103", size = 212155, upload-time = "2025-09-25T05:59:40.318Z" },
    { url = "https://files.pythonhosted.org/packages/dc/a6/0f08713ddda834c428ebf97b2a7fd8dea50c0100065a8955924dbd94dae8/zope_interface-8.0.1-cp312-cp312-macosx_10_9_x86_64.whl", hash = "sha256:115f27c1cc95ce7a517d960ef381beedb0a7ce9489645e80b9ab3cbf8a78799c", size = 208609, upload-time = "2025-09-25T05:58:53.698Z" },
    { url = "https://files.pythonhosted.org/packages/e9/5e/d423045f54dc81e0991ec655041e7a0eccf6b2642535839dd364b35f4d7f/zope_interface-8.0.1-cp312-cp312-macosx_11_0_arm64.whl", hash = "sha256:af655c573b84e3cb6a4f6fd3fbe04e4dc91c63c6b6f99019b3713ef964e589bc", size = 208797, upload-time = "2025-09-25T05:58:56.258Z" },
    { url = "https://files.pythonhosted.org/packages/c6/43/39d4bb3f7a80ebd261446792493cfa4e198badd47107224f5b6fe1997ad9/zope_interface-8.0.1-cp312-cp312-manylinux1_i686.manylinux2014_i686.manylinux_2_17_i686.manylinux_2_5_i686.whl", hash = "sha256:23f82ef9b2d5370750cc1bf883c3b94c33d098ce08557922a3fbc7ff3b63dfe1", size = 259242, upload-time = "2025-09-25T05:58:21.602Z" },
    { url = "https://files.pythonhosted.org/packages/da/29/49effcff64ef30731e35520a152a9dfcafec86cf114b4c2aff942e8264ba/zope_interface-8.0.1-cp312-cp312-manylinux1_x86_64.manylinux2014_x86_64.manylinux_2_17_x86_64.manylinux_2_5_x86_64.whl", hash = "sha256:35a1565d5244997f2e629c5c68715b3d9d9036e8df23c4068b08d9316dcb2822", size = 264696, upload-time = "2025-09-25T05:58:13.351Z" },
    { url = "https://files.pythonhosted.org/packages/c7/39/b947673ec9a258eeaa20208dd2f6127d9fbb3e5071272a674ebe02063a78/zope_interface-8.0.1-cp312-cp312-manylinux2014_aarch64.manylinux_2_17_aarch64.whl", hash = "sha256:029ea1db7e855a475bf88d9910baab4e94d007a054810e9007ac037a91c67c6f", size = 264229, upload-time = "2025-09-25T06:26:26.226Z" },
    { url = "https://files.pythonhosted.org/packages/8f/ee/eed6efd1fc3788d1bef7a814e0592d8173b7fe601c699b935009df035fc2/zope_interface-8.0.1-cp312-cp312-win_amd64.whl", hash = "sha256:0beb3e7f7dc153944076fcaf717a935f68d39efa9fce96ec97bafcc0c2ea6cab", size = 212270, upload-time = "2025-09-25T05:58:53.584Z" },
    { url = "https://files.pythonhosted.org/packages/5f/dc/3c12fca01c910c793d636ffe9c0984e0646abaf804e44552070228ed0ede/zope_interface-8.0.1-cp313-cp313-macosx_10_9_x86_64.whl", hash = "sha256:c7cc027fc5c61c5d69e5080c30b66382f454f43dc379c463a38e78a9c6bab71a", size = 208992, upload-time = "2025-09-25T05:58:40.712Z" },
    { url = "https://files.pythonhosted.org/packages/46/71/6127b7282a3e380ca927ab2b40778a9c97935a4a57a2656dadc312db5f30/zope_interface-8.0.1-cp313-cp313-macosx_11_0_arm64.whl", hash = "sha256:fcf9097ff3003b7662299f1c25145e15260ec2a27f9a9e69461a585d79ca8552", size = 209051, upload-time = "2025-09-25T05:58:42.182Z" },
    { url = "https://files.pythonhosted.org/packages/56/86/4387a9f951ee18b0e41fda77da77d59c33e59f04660578e2bad688703e64/zope_interface-8.0.1-cp313-cp313-manylinux1_i686.manylinux2014_i686.manylinux_2_17_i686.manylinux_2_5_i686.whl", hash = "sha256:6d965347dd1fb9e9a53aa852d4ded46b41ca670d517fd54e733a6b6a4d0561c2", size = 259223, upload-time = "2025-09-25T05:58:23.191Z" },
    { url = "https://files.pythonhosted.org/packages/61/08/ce60a114466abc067c68ed41e2550c655f551468ae17b4b17ea360090146/zope_interface-8.0.1-cp313-cp313-manylinux1_x86_64.manylinux2014_x86_64.manylinux_2_17_x86_64.manylinux_2_5_x86_64.whl", hash = "sha256:9a3b8bb77a4b89427a87d1e9eb969ab05e38e6b4a338a9de10f6df23c33ec3c2", size = 264690, upload-time = "2025-09-25T05:58:15.052Z" },
    { url = "https://files.pythonhosted.org/packages/36/9a/62a9ba3a919594605a07c34eee3068659bbd648e2fa0c4a86d876810b674/zope_interface-8.0.1-cp313-cp313-manylinux2014_aarch64.manylinux_2_17_aarch64.whl", hash = "sha256:87e6b089002c43231fb9afec89268391bcc7a3b66e76e269ffde19a8112fb8d5", size = 264201, upload-time = "2025-09-25T06:26:27.797Z" },
    { url = "https://files.pythonhosted.org/packages/da/06/8fe88bd7edef60566d21ef5caca1034e10f6b87441ea85de4bbf9ea74768/zope_interface-8.0.1-cp313-cp313-win_amd64.whl", hash = "sha256:64a43f5280aa770cbafd0307cb3d1ff430e2a1001774e8ceb40787abe4bb6658", size = 212273, upload-time = "2025-09-25T06:00:25.398Z" },
]
